# This file was autogenerated by Stack.
# You should not edit this file by hand.
# For more information, please see the documentation at:
#   https://docs.haskellstack.org/en/stable/topics/lock_files

packages:
- completed:
    hackage: data-flags-0.0.3.4@sha256:a133f2912e0e22f03419dc89a04b1e117ff6290f1777f5b7f037f683b80ed2cf,1097
    pantry-tree:
      sha256: fabce261d22601659cc3aeab1d5bb8f918dd3f8a8b01a8b9c483a08113a2535a
      size: 383
  original:
    hackage: data-flags-0.0.3.4
- completed:
    hackage: di-polysemy-0.2.0.0@sha256:9da81102b7e5b2782e4f7194189cde552f042c94ac875ef8f542f6620035f885,2160
    pantry-tree:
      sha256: 103285358a5c2430e3fadd2c35ab285536c05164db1b78ed7155e9ef2e3fae42
      size: 320
  original:
    hackage: di-polysemy-0.2.0.0
- completed:
    hackage: typerep-map-0.6.0.0@sha256:e54a4e99614ad890a10200da687efa189860c13207a97063db1b6881032ebecc,4890
    pantry-tree:
      sha256: f970c9dc26194bf708a5c18cf4daac5a1518afa1d8b92e8f1c170959587ee7a6
      size: 1487
  original:
    hackage: typerep-map-0.6.0.0
- completed:
    hackage: polysemy-plugin-0.4.5.3@sha256:7e78c33e2758eb4854356e2192e592508916816575267161402acb66d401e033,3293
    pantry-tree:
      sha256: 1a99fa3990ec013ae9d2762a268d8d808f99527bc1aba051176d91959117559c
      size: 1229
  original:
    hackage: polysemy-plugin-0.4.5.3
- completed:
    hackage: optics-0.4.2.1@sha256:9ffd0ffb288594c3aea9535f4389a07b0361b4df02ee2b07eb4243ace85103e3,7430
    pantry-tree:
      sha256: 28eecdaa42affa4d6a5c6a089725d39106067b1ab2780335e371c403236ee896
      size: 1157
  original:
    hackage: optics-0.4.2.1
- completed:
    hackage: wreq-0.5.4.3@sha256:fe0677e0f960c2e13e855e7310b067bf313089c65e9400bfba3065522325018b,5275
    pantry-tree:
      sha256: 5c84a4e675f5fedeac0e85483450f60f318dbd8a3b23403e077bebaa8d6baedc
      size: 2423
  original:
    hackage: wreq-0.5.4.3
- completed:
    hackage: aeson-2.2.3.0@sha256:7d48c2395ef168d2c2070fdb02c7998384be27d31a03bb35d1740af4a19a857b,6368
    pantry-tree:
      sha256: 7c5ca620e1407b4bd0fbf3bf4cb20dc58eb194d49caa8a6cd1c349462989143a
      size: 83371
  original:
    hackage: aeson-2.2.3.0
- completed:
    hackage: unordered-containers-0.2.20@sha256:233cbcdda6c2698932bb391ce0935fb44f80c115621ee815a21ed33ac8ede422,3921
    pantry-tree:
      sha256: fa7e8ec1f22c5525f1214df2a1f3ee593a31efd7a06592c4da021606cb21505e
      size: 1647
  original:
    hackage: unordered-containers-0.2.20
- completed:
    hackage: hasql-1.9.1.2@sha256:d535fe87b1581eb48577d935e07f1150f325a7e4ac77c743a5e6416122fc863d,5990
    pantry-tree:
      sha256: 02599ca5a94f1e03701bc0ad613ad6f78002f566da3920c6f0d2e47635417afc
      size: 3891
  original:
    hackage: hasql-1.9.1.2
- completed:
    hackage: text-builder-1.0.0.4@sha256:19bc28b9ff0eed90b8154be50816bae255586e7c5533fddd2ce49b47c498d509,4941
    pantry-tree:
      sha256: d57ad324b8a66f0c9e12dff4c54bf2cfd659d149ac78c73513169b52014d68a6
      size: 991
  original:
    hackage: text-builder-1.0.0.4
- completed:
    hackage: text-builder-core-0.1.1.1@sha256:402fdf2f2695950643fea299719c3dccc81c797d94bbcaa7d1cbf182e9937afa,2844
    pantry-tree:
      sha256: 09208ffab280c3814fd63297e3563a60a073319ca3d77b04aa4b4f54553b9bbb
      size: 788
  original:
    hackage: text-builder-core-0.1.1.1
- completed:
    hackage: iso639-0.1.0.3@sha256:26240a9daec779f2cb2e655f21500ae0a35bf1876d07da701a2010c6d178567a,966
    pantry-tree:
      sha256: e7d72f7def007a2c309f0a737eabd9d66cd8a9b7c2d5fbb32b94272ba92ef35f
      size: 274
  original:
    hackage: iso639-0.1.0.3
- completed:
    hackage: regex-base-0.94.0.3@sha256:d6c0c6d1136f5046207a331114ff4130e70640452096de7719bf03e3fceb7c7b,2391
    pantry-tree:
      sha256: abc994abb47c2e060b4f1b370ee163ecd96409a5131a1eee0178af03cc72cad5
      size: 532
  original:
    hackage: regex-base-0.94.0.3
- completed:
    hackage: regex-tdfa-1.3.2.4@sha256:6488844387f001527ebcb797ec5b1b9acf1858b2b30338bcbb6c0bc7c5502acf,6417
    pantry-tree:
      sha256: 1af9e69ccd63144562fcf49420404f3bf873746bfbba0a4f2218fdd465e8bc3a
      size: 2674
  original:
    hackage: regex-tdfa-1.3.2.4
snapshots:
- completed:
    sha256: a3501d1b61a539371d85305fe73e1134fc08e7c97498a42952455f011fd97ecf
    size: 684278
    url: https://raw.githubusercontent.com/commercialhaskell/stackage-snapshots/master/lts/23/25.yaml
  original:
    url: https://raw.githubusercontent.com/commercialhaskell/stackage-snapshots/master/lts/23/25.yaml
